// !$*UTF8*$!
{
	archiveVersion = 1;
	classes = {
	};
	objectVersion = 46;
	objects = {

/* Begin PBXBuildFile section */
		DA32BB3A1CD8751200F5B80D /* shoe.jpeg in Resources */ = {isa = PBXBuildFile; fileRef = DA32BB391CD8751200F5B80D /* shoe.jpeg */; };
		DAF3D0CB1CD72739002D6F15 /* AppDelegate.swift in Sources */ = {isa = PBXBuildFile; fileRef = DAF3D0CA1CD72739002D6F15 /* AppDelegate.swift */; };
		DAF3D0CD1CD72739002D6F15 /* ViewController.swift in Sources */ = {isa = PBXBuildFile; fileRef = DAF3D0CC1CD72739002D6F15 /* ViewController.swift */; };
		DAF3D0D01CD72739002D6F15 /* Main.storyboard in Resources */ = {isa = PBXBuildFile; fileRef = DAF3D0CE1CD72739002D6F15 /* Main.storyboard */; };
		DAF3D0D21CD72739002D6F15 /* Assets.xcassets in Resources */ = {isa = PBXBuildFile; fileRef = DAF3D0D11CD72739002D6F15 /* Assets.xcassets */; };
		DAF3D0D51CD72739002D6F15 /* LaunchScreen.storyboard in Resources */ = {isa = PBXBuildFile; fileRef = DAF3D0D31CD72739002D6F15 /* LaunchScreen.storyboard */; };
/* End PBXBuildFile section */

/* Begin PBXFileReference section */
		DA32BB391CD8751200F5B80D /* shoe.jpeg */ = {isa = PBXFileReference; lastKnownFileType = image.jpeg; path = shoe.jpeg; sourceTree = "<group>"; };
		DAF3D0C71CD72739002D6F15 /* ShoeConverter.app */ = {isa = PBXFileReference; explicitFileType = wrapper.application; includeInIndex = 0; path = ShoeConverter.app; sourceTree = BUILT_PRODUCTS_DIR; };
		DAF3D0CA1CD72739002D6F15 /* AppDelegate.swift */ = {isa = PBXFileReference; lastKnownFileType = sourcecode.swift; path = AppDelegate.swift; sourceTree = "<group>"; };
		DAF3D0CC1CD72739002D6F15 /* ViewController.swift */ = {isa = PBXFileReference; lastKnownFileType = sourcecode.swift; path = ViewController.swift; sourceTree = "<group>"; };
		DAF3D0CF1CD72739002D6F15 /* Base */ = {isa = PBXFileReference; lastKnownFileType = file.storyboard; name = Base; path = Base.lproj/Main.storyboard; sourceTree = "<group>"; };
		DAF3D0D11CD72739002D6F15 /* Assets.xcassets */ = {isa = PBXFileReference; lastKnownFileType = folder.assetcatalog; path = Assets.xcassets; sourceTree = "<group>"; };
		DAF3D0D41CD72739002D6F15 /* Base */ = {isa = PBXFileReference; lastKnownFileType = file.storyboard; name = Base; path = Base.lproj/LaunchScreen.storyboard; sourceTree = "<group>"; };
		DAF3D0D61CD72739002D6F15 /* Info.plist */ = {isa = PBXFileReference; lastKnownFileType = text.plist.xml; path = Info.plist; sourceTree = "<group>"; };
/* End PBXFileReference section */

/* Begin PBXFrameworksBuildPhase section */
		DAF3D0C41CD72739002D6F15 /* Frameworks */ = {
			isa = PBXFrameworksBuildPhase;
			buildActionMask = 2147483647;
			files = (
			);
			runOnlyForDeploymentPostprocessing = 0;
		};
/* End PBXFrameworksBuildPhase section */

/* Begin PBXGroup section */
		DA32BB381CD8750500F5B80D /* Images */ = {
			isa = PBXGroup;
			children = (
				DA32BB391CD8751200F5B80D /* shoe.jpeg */,
			);
			name = Images;
			sourceTree = "<group>";
		};
		DAF3D0BE1CD72739002D6F15 = {
			isa = PBXGroup;
			children = (
				DA32BB381CD8750500F5B80D /* Images */,
				DAF3D0C91CD72739002D6F15 /* ShoeConverter */,
				DAF3D0C81CD72739002D6F15 /* Products */,
			);
			sourceTree = "<group>";
		};
		DAF3D0C81CD72739002D6F15 /* Products */ = {
			isa = PBXGroup;
			children = (
				DAF3D0C71CD72739002D6F15 /* ShoeConverter.app */,
			);
			name = Products;
			sourceTree = "<group>";
		};
		DAF3D0C91CD72739002D6F15 /* ShoeConverter */ = {
			isa = PBXGroup;
			children = (
				DAF3D0CA1CD72739002D6F15 /* AppDelegate.swift */,
				DAF3D0CC1CD72739002D6F15 /* ViewController.swift */,
				DAF3D0CE1CD72739002D6F15 /* Main.storyboard */,
				DAF3D0D11CD72739002D6F15 /* Assets.xcassets */,
				DAF3D0D31CD72739002D6F15 /* LaunchScreen.storyboard */,
				DAF3D0D61CD72739002D6F15 /* Info.plist */,
			);
			path = ShoeConverter;
			sourceTree = "<group>";
		};
/* End PBXGroup section */

/* Begin PBXNativeTarget section */
		DAF3D0C61CD72739002D6F15 /* ShoeConverter */ = {
			isa = PBXNativeTarget;
			buildConfigurationList = DAF3D0D91CD72739002D6F15 /* Build configuration list for PBXNativeTarget "ShoeConverter" */;
			buildPhases = (
				DAF3D0C31CD72739002D6F15 /* Sources */,
				DAF3D0C41CD72739002D6F15 /* Frameworks */,
				DAF3D0C51CD72739002D6F15 /* Resources */,
			);
			buildRules = (
			);
			dependencies = (
			);
			name = ShoeConverter;
			productName = ShoeConverter;
			productReference = DAF3D0C71CD72739002D6F15 /* ShoeConverter.app */;
			productType = "com.apple.product-type.application";
		};
/* End PBXNativeTarget section */

/* Begin PBXProject section */
		DAF3D0BF1CD72739002D6F15 /* Project object */ = {
			isa = PBXProject;
			attributes = {
				LastSwiftUpdateCheck = 0730;
				LastUpgradeCheck = 0730;
				ORGANIZATIONNAME = "Paul Hasfjord";
				TargetAttributes = {
					DAF3D0C61CD72739002D6F15 = {
						CreatedOnToolsVersion = 7.3;
					};
				};
			};
			buildConfigurationList = DAF3D0C21CD72739002D6F15 /* Build configuration list for PBXProject "ShoeConverter" */;
			compatibilityVersion = "Xcode 3.2";
			developmentRegion = English;
			hasScannedForEncodings = 0;
			knownRegions = (
				en,
				Base,
			);
			mainGroup = DAF3D0BE1CD72739002D6F15;
			productRefGroup = DAF3D0C81CD72739002D6F15 /* Products */;
			projectDirPath = "";
			projectRoot = "";
			targets = (
				DAF3D0C61CD72739002D6F15 /* ShoeConverter */,
			);
		};
/* End PBXProject section */

/* Begin PBXResourcesBuildPhase section */
		DAF3D0C51CD72739002D6F15 /* Resources */ = {
			isa = PBXResourcesBuildPhase;
			buildActionMask = 2147483647;
			files = (
				DA32BB3A1CD8751200F5B80D /* shoe.jpeg in Resources */,
				DAF3D0D51CD72739002D6F15 /* LaunchScreen.storyboard in Resources */,
				DAF3D0D21CD72739002D6F15 /* Assets.xcassets in Resources */,
				DAF3D0D01CD72739002D6F15 /* Main.storyboard in Resources */,
			);
			runOnlyForDeploymentPostprocessing = 0;
		};
/* End PBXResourcesBuildPhase section */

/* Begin PBXSourcesBuildPhase section */
		DAF3D0C31CD72739002D6F15 /* Sources */ = {
			isa = PBXSourcesBuildPhase;
			buildActionMask = 2147483647;
			files = (
				DAF3D0CD1CD72739002D6F15 /* ViewController.swift in Sources */,
				DAF3D0CB1CD72739002D6F15 /* AppDelegate.swift in Sources */,
			);
			runOnlyForDeploymentPostprocessing = 0;
		};
/* End PBXSourcesBuildPhase section */

/* Begin PBXVariantGroup section */
		DAF3D0CE1CD72739002D6F15 /* Main.storyboard */ = {
			isa = PBXVariantGroup;
			children = (
				DAF3D0CF1CD72739002D6F15 /* Base */,
			);
			name = Main.storyboard;
			sourceTree = "<group>";
		};
		DAF3D0D31CD72739002D6F15 /* LaunchScreen.storyboard */ = {
			isa = PBXVariantGroup;
			children = (
				DAF3D0D41CD72739002D6F15 /* Base */,
			);
			name = LaunchScreen.storyboard;
			sourceTree = "<group>";
		};
/* End PBXVariantGroup section */

/* Begin XCBuildConfiguration section */
		DAF3D0D71CD72739002D6F15 /* Debug */ = {
			isa = XCBuildConfiguration;
			buildSettings = {
				ALWAYS_SEARCH_USER_PATHS = NO;
				CLANG_ANALYZER_NONNULL = YES;
				CLANG_CXX_LANGUAGE_STANDARD = "gnu++0x";
				CLANG_CXX_LIBRARY = "libc++";
				CLANG_ENABLE_MODULES = YES;
				CLANG_ENABLE_OBJC_ARC = YES;
				CLANG_WARN_BOOL_CONVERSION = YES;
				CLANG_WARN_CONSTANT_CONVERSION = YES;
				CLANG_WARN_DIRECT_OBJC_ISA_USAGE = YES_ERROR;
				CLANG_WARN_EMPTY_BODY = YES;
				CLANG_WARN_ENUM_CONVERSION = YES;
				CLANG_WARN_INT_CONVERSION = YES;
				CLANG_WARN_OBJC_ROOT_CLASS = YES_ERROR;
				CLANG_WARN_UNREACHABLE_CODE = YES;
				CLANG_WARN__DUPLICATE_METHOD_MATCH = YES;
				"CODE_SIGN_IDENTITY[sdk=iphoneos*]" = "iPhone Developer";
				COPY_PHASE_STRIP = NO;
				DEBUG_INFORMATION_FORMAT = dwarf;
				ENABLE_STRICT_OBJC_MSGSEND = YES;
				ENABLE_TESTABILITY = YES;
				GCC_C_LANGUAGE_STANDARD = gnu99;
				GCC_DYNAMIC_NO_PIC = NO;
				GCC_NO_COMMON_BLOCKS = YES;
				GCC_OPTIMIZATION_LEVEL = 0;
				GCC_PREPROCESSOR_DEFINITIONS = (
					"DEBUG=1",
					"$(inherited)",
				);
				GCC_WARN_64_TO_32_BIT_CONVERSION = YES;
				GCC_WARN_ABOUT_RETURN_TYPE = YES_ERROR;
				GCC_WARN_UNDECLARED_SELECTOR = YES;
				GCC_WARN_UNINITIALIZED_AUTOS = YES_AGGRESSIVE;
				GCC_WARN_UNUSED_FUNCTION = YES;
				GCC_WARN_UNUSED_VARIABLE = YES;
				IPHONEOS_DEPLOYMENT_TARGET = 9.3;
				MTL_ENABLE_DEBUG_INFO = YES;
				ONLY_ACTIVE_ARCH = YES;
				SDKROOT = iphoneos;
				SWIFT_OPTIMIZATION_LEVEL = "-Onone";
				TARGETED_DEVICE_FAMILY = "1,2";
			};
			name = Debug;
		};
		DAF3D0D81CD72739002D6F15 /* Release */ = {
			isa = XCBuildConfiguration;
			buildSettings = {
				ALWAYS_SEARCH_USER_PATHS = NO;
				CLANG_ANALYZER_NONNULL = YES;
				CLANG_CXX_LANGUAGE_STANDARD = "gnu++0x";
				CLANG_CXX_LIBRARY = "libc++";
				CLANG_ENABLE_MODULES = YES;
				CLANG_ENABLE_OBJC_ARC = YES;
				CLANG_WARN_BOOL_CONVERSION = YES;
				CLANG_WARN_CONSTANT_CONVERSION = YES;
				CLANG_WARN_DIRECT_OBJC_ISA_USAGE = YES_ERROR;
				CLANG_WARN_EMPTY_BODY = YES;
				CLANG_WARN_ENUM_CONVERSION = YES;
				CLANG_WARN_INT_CONVERSION = YES;
				CLANG_WARN_OBJC_ROOT_CLASS = YES_ERROR;
				CLANG_WARN_UNREACHABLE_CODE = YES;
				CLANG_WARN__DUPLICATE_METHOD_MATCH = YES;
				"CODE_SIGN_IDENTITY[sdk=iphoneos*]" = "iPhone Developer";
				COPY_PHASE_STRIP = NO;
				DEBUG_INFORMATION_FORMAT = "dwarf-with-dsym";
				ENABLE_NS_ASSERTIONS = NO;
				ENABLE_STRICT_OBJC_MSGSEND = YES;
				GCC_C_LANGUAGE_STANDARD = gnu99;
				GCC_NO_COMMON_BLOCKS = YES;
				GCC_WARN_64_TO_32_BIT_CONVERSION = YES;
				GCC_WARN_ABOUT_RETURN_TYPE = YES_ERROR;
				GCC_WARN_UNDECLARED_SELECTOR = YES;
				GCC_WARN_UNINITIALIZED_AUTOS = YES_AGGRESSIVE;
				GCC_WARN_UNUSED_FUNCTION = YES;
				GCC_WARN_UNUSED_VARIABLE = YES;
				IPHONEOS_DEPLOYMENT_TARGET = 9.3;
				MTL_ENABLE_DEBUG_INFO = NO;
				SDKROOT = iphoneos;
				TARGETED_DEVICE_FAMILY = "1,2";
				VALIDATE_PRODUCT = YES;
			};
			name = Release;
		};
		DAF3D0DA1CD72739002D6F15 /* Debug */ = {
			isa = XCBuildConfiguration;
			buildSettings = {
				ASSETCATALOG_COMPILER_APPICON_NAME = AppIcon;
				INFOPLIST_FILE = ShoeConverter/Info.plist;
				LD_RUNPATH_SEARCH_PATHS = "$(inherited) @executable_path/Frameworks";
				PRODUCT_BUNDLE_IDENTIFIER = no.phasfjo.ShoeConverter;
				PRODUCT_NAME = "$(TARGET_NAME)";
			};
			name = Debug;
		};
		DAF3D0DB1CD72739002D6F15 /* Release */ = {
			isa = XCBuildConfiguration;
			buildSettings = {
				ASSETCATALOG_COMPILER_APPICON_NAME = AppIcon;
				INFOPLIST_FILE = ShoeConverter/Info.plist;
				LD_RUNPATH_SEARCH_PATHS = "$(inherited) @executable_path/Frameworks";
				PRODUCT_BUNDLE_IDENTIFIER = no.phasfjo.ShoeConverter;
				PRODUCT_NAME = "$(TARGET_NAME)";
			};
			name = Release;
		};
/* End XCBuildConfiguration section */

/* Begin XCConfigurationList section */
		DAF3D0C21CD72739002D6F15 /* Build configuration list for PBXProject "ShoeConverter" */ = {
			isa = XCConfigurationList;
			buildConfigurations = (
				DAF3D0D71CD72739002D6F15 /* Debug */,
				DAF3D0D81CD72739002D6F15 /* Release */,
			);
			defaultConfigurationIsVisible = 0;
			defaultConfigurationName = Release;
		};
		DAF3D0D91CD72739002D6F15 /* Build configuration list for PBXNativeTarget "ShoeConverter" */ = {
			isa = XCConfigurationList;
			buildConfigurations = (
				DAF3D0DA1CD72739002D6F15 /* Debug */,
				DAF3D0DB1CD72739002D6F15 /* Release */,
			);
			defaultConfigurationIsVisible = 0;
			defaultConfigurationName = Release;
		};
/* End XCConfigurationList section */
	};
	rootObject = DAF3D0BF1CD72739002D6F15 /* Project object */;
}
